
Microsoft Visual Studio Solution File, Format Version 12.00
Project("{FAE04EC0-301F-11D3-BF4B-00C04F79EFBC}") = "FunctionalFeatures", "FunctionalFeatures\FunctionalFeatures.csproj", "{D8C5ABC0-E602-45F4-8200-1A195ADC4C77}"
EndProject
Project("{FAE04EC0-301F-11D3-BF4B-00C04F79EFBC}") = "QueryParts", "QueryParts\QueryParts.csproj", "{908836A4-583E-45BF-A3C9-E7A92B6E547E}"
EndProject
Project("{FAE04EC0-301F-11D3-BF4B-00C04F79EFBC}") = "Generate", "Generate\Generate.csproj", "{F6FC2998-0E0B-4CD8-B4DC-55AEF4660635}"
EndProject
Global
	GlobalSection(SolutionConfigurationPlatforms) = preSolution
		Debug|Any CPU = Debug|Any CPU
		Release|Any CPU = Release|Any CPU
	EndGlobalSection
	GlobalSection(ProjectConfigurationPlatforms) = postSolution
		{D8C5ABC0-E602-45F4-8200-1A195ADC4C77}.Debug|Any CPU.ActiveCfg = Debug|Any CPU
		{D8C5ABC0-E602-45F4-8200-1A195ADC4C77}.Debug|Any CPU.Build.0 = Debug|Any CPU
		{D8C5ABC0-E602-45F4-8200-1A195ADC4C77}.Release|Any CPU.ActiveCfg = Release|Any CPU
		{D8C5ABC0-E602-45F4-8200-1A195ADC4C77}.Release|Any CPU.Build.0 = Release|Any CPU
		{908836A4-583E-45BF-A3C9-E7A92B6E547E}.Debug|Any CPU.ActiveCfg = Debug|Any CPU
		{908836A4-583E-45BF-A3C9-E7A92B6E547E}.Debug|Any CPU.Build.0 = Debug|Any CPU
		{908836A4-583E-45BF-A3C9-E7A92B6E547E}.Release|Any CPU.ActiveCfg = Release|Any CPU
		{908836A4-583E-45BF-A3C9-E7A92B6E547E}.Release|Any CPU.Build.0 = Release|Any CPU
		{F6FC2998-0E0B-4CD8-B4DC-55AEF4660635}.Debug|Any CPU.ActiveCfg = Debug|Any CPU
		{F6FC2998-0E0B-4CD8-B4DC-55AEF4660635}.Debug|Any CPU.Build.0 = Debug|Any CPU
		{F6FC2998-0E0B-4CD8-B4DC-55AEF4660635}.Release|Any CPU.ActiveCfg = Release|Any CPU
		{F6FC2998-0E0B-4CD8-B4DC-55AEF4660635}.Release|Any CPU.Build.0 = Release|Any CPU
	EndGlobalSection
EndGlobal
